
Microsoft Visual Studio Solution File, Format Version 12.00
# Visual Studio 2013
VisualStudioVersion = 12.0.31101.0
MinimumVisualStudioVersion = 10.0.40219.1
Project("{FAE04EC0-301F-11D3-BF4B-00C04F79EFBC}") = "Core", "Core\Core.csproj", "{59BC1D5B-2F91-4623-B0E9-E3F05C78B2A3}"
EndProject
Project("{FAE04EC0-301F-11D3-BF4B-00C04F79EFBC}") = "IDE_WPF", "IDE_WPF\IDE_WPF.csproj", "{5B4DE968-FA3D-40D5-979E-EFF50D0FADDB}"
EndProject
Global
	GlobalSection(SolutionConfigurationPlatforms) = preSolution
		Debug|Any CPU = Debug|Any CPU
		Release|Any CPU = Release|Any CPU
	EndGlobalSection
	GlobalSection(ProjectConfigurationPlatforms) = postSolution
		{59BC1D5B-2F91-4623-B0E9-E3F05C78B2A3}.Debug|Any CPU.ActiveCfg = Debug|Any CPU
		{59BC1D5B-2F91-4623-B0E9-E3F05C78B2A3}.Debug|Any CPU.Build.0 = Debug|Any CPU
		{59BC1D5B-2F91-4623-B0E9-E3F05C78B2A3}.Release|Any CPU.ActiveCfg = Release|Any CPU
		{59BC1D5B-2F91-4623-B0E9-E3F05C78B2A3}.Release|Any CPU.Build.0 = Release|Any CPU
		{5B4DE968-FA3D-40D5-979E-EFF50D0FADDB}.Debug|Any CPU.ActiveCfg = Debug|Any CPU
		{5B4DE968-FA3D-40D5-979E-EFF50D0FADDB}.Debug|Any CPU.Build.0 = Debug|Any CPU
		{5B4DE968-FA3D-40D5-979E-EFF50D0FADDB}.Release|Any CPU.ActiveCfg = Release|Any CPU
		{5B4DE968-FA3D-40D5-979E-EFF50D0FADDB}.Release|Any CPU.Build.0 = Release|Any CPU
	EndGlobalSection
	GlobalSection(SolutionProperties) = preSolution
		HideSolutionNode = FALSE
	EndGlobalSection
EndGlobal
